{
  "nodes": {
    "home-manager": {
      "inputs": {
        "nixpkgs": [
          "nixpkgs"
        ]
      },
      "locked": {
        "lastModified": 1713166971,
        "narHash": "sha256-t0P/rKlsE5l1O3O2LYtAelLzp7PeoPCSzsIietQ1hSM=",
        "owner": "nix-community",
        "repo": "home-manager",
        "rev": "1c43dcfac48a2d622797f7ab741670fdbcf8f609",
        "type": "github"
      },
      "original": {
        "owner": "nix-community",
        "repo": "home-manager",
        "type": "github"
      }
    },
    "nix-darwin": {
      "inputs": {
        "nixpkgs": [
          "nixpkgs"
        ]
      },
      "locked": {
        "lastModified": 1713543876,
        "narHash": "sha256-olEWxacm1xZhAtpq+ZkEyQgR4zgfE7ddpNtZNvubi3g=",
        "owner": "LnL7",
        "repo": "nix-darwin",
        "rev": "9e7c20ffd056e406ddd0276ee9d89f09c5e5f4ed",
        "type": "github"
      },
      "original": {
        "owner": "LnL7",
        "repo": "nix-darwin",
        "type": "github"
      }
    },
    "nixpkgs": {
      "locked": {
        "lastModified": 1713442664,
        "narHash": "sha256-LoExypse3c/uun/39u4bPTN4wejIF7hNsdITZO41qTw=",
        "owner": "NixOS",
        "repo": "nixpkgs",
        "rev": "d764f230634fa4f86dc8d01c6af9619c7cc5d225",
        "type": "github"
      },
      "original": {
        "owner": "NixOS",
        "ref": "nixpkgs-unstable",
        "repo": "nixpkgs",
        "type": "github"
      }
    },
    "pkgs": {
      "locked": {
        "lastModified": 1717112898,
        "narHash": "sha256-7R2ZvOnvd9h8fDd65p0JnB7wXfUvreox3xFdYWd1BnY=",
        "owner": "NixOS",
        "repo": "nixpkgs",
        "rev": "6132b0f6e344ce2fe34fc051b72fb46e34f668e0",
        "type": "github"
      },
      "original": {
        "owner": "NixOS",
        "ref": "nixpkgs-unstable",
        "repo": "nixpkgs",
        "type": "github"
      }
    },
    "root": {
      "inputs": {
        "home-manager": "home-manager",
        "nix-darwin": "nix-darwin",
        "nixpkgs": "nixpkgs",
        "pkgs": "pkgs"
      }
    }
  },
  "root": "root",
  "version": 7
}
